{
    "_meta": {
        "hash": {
            "sha256": "b88c156cbe9eb45fd15007f2f7cd22581c520690b84d4f539210367d51784668"
        },
        "pipfile-spec": 6,
        "requires": {
            "python_version": "3.12"
        },
        "sources": [
            {
                "name": "pypi",
                "url": "https://pypi.org/simple",
                "verify_ssl": true
            }
        ]
    },
    "default": {
        "gurobipy": {
            "hashes": [
                "sha256:05700979469511aedfcb4d0136c161077d085393b6a449c98e9ff7818747279c",
                "sha256:138b4be8fb42d494b8484bd4cfa99ea1e511e8860cdb1171349f4fce06d9aa01",
                "sha256:181e7c1b207ec1fae469735e00efbe9a57d6c398434624c1ca1cf68293ef2188",
                "sha256:1824a579ead6bf95a28043a12535a2ae3a142e45b0c77b337ef9e9c9fb53f68b",
                "sha256:1f33e7329b4e544d90357a93bc12d9b15bdd7d0b8944cd6ecc50901e9452767e",
                "sha256:2074a21e9e78b62a84e3b123a8d44566562667b3d0e6ae5543ccb45207d44de6",
                "sha256:4b72a3e03170c6299b5f5baf6b8f0b0e753625d13e6c481fc4d245ccb20a02ff",
                "sha256:623ea11104b50b574d7c73ae19e87131431cd4d33adcaf0d408a7e44cb73ed43",
                "sha256:74fa0d9bace48bc0f25426b5cd70addb02a13b5ea1645494cad073a32c9ec2c4",
                "sha256:84c58e164c90fc1de8bc0aac8ad25a82b4a9d3079b5064735822cecf552b1b26",
                "sha256:94930bd120a0f8e85d26cf5a178a5ca7a319a206d9d6a92739df321e6c9fcfbd",
                "sha256:9e57508f7d7a8ef154767894c693273d94bed771fa300677ae74892fde7dfc57",
                "sha256:af65aac3c342cf8d8f496183f9fa2f78b88ce90d8dface1324d2f32171eca4c1",
                "sha256:b752a8a4d898a3cc59b0670aa449dee8e2159d4f420f30033baf96f14a36516d",
                "sha256:d08a69a9884b2c7ab843c9967b44770c17c73ac5726db7a8794ae85d7c1fc446",
                "sha256:d300c206bcbabf2079019e2a69e370134cd393d49f4ea62cdece3a008e485d1d",
                "sha256:d8eed5ca4831d1f10b08cd701f75483b27810734750d414a5b3cb6e4ba4c17f3",
                "sha256:ec3a8da22c8e818095bbe86ed0b71f9f3712272afb994edc04dc3c82654c7542",
                "sha256:ec84cd537a9d1b392ffd09cb03e617c6cc69322f5e195c0c87328cf592482123",
                "sha256:fd56eb62f2babd467b36dababb5f715341c3f19e6fb6b0b08edf6ccbd4cf50d3"
            ],
            "index": "pypi",
            "version": "==11.0.3"
        },
        "highspy": {
            "hashes": [
                "sha256:0ac5990c90cc615a2a45143d2321d74a7857db2e79aa9ba3606461da99fb5c8b",
                "sha256:0af568e0e61934e748c2b1057fb48f7fc3bfef6d6e6f159c616dd0ececb223a7",
                "sha256:0c2ee6f7b74a6a1508fceb7d40acf8097d81c5b75059628ea00715723d382110",
                "sha256:1152035fd6c861cb578115b976d03c38e4e0e2f87227ac93b4af12fb582ad971",
                "sha256:1ad5ef7ddfd6fd879dc9b6ac02a9eecd13fe2b0581cd03985e5faa89f43b24ac",
                "sha256:1b466011f4091051f156a13b46ac569316cc2cddff0c2881ee456c765c535519",
                "sha256:20e86e18203d96f6c2b9d358b14e0178a7f83ac8ec6e806255d3f80710839bea",
                "sha256:22e31ee5d3854024d075697fcfac88394b90d0afe25b84e4283d3964d0cd991b",
                "sha256:2d8199c8bd0528bfaec85d441c25c570adf2334be5a75d6d6839190db2e14f83",
                "sha256:3675f3242ddd11b107bde3345779ac9eb8dd9a940337b43ce8127836b592feef",
                "sha256:3e361e98ddd757c0393677a9a52de6349abfbe79ff5d2132088a3d02c6c735d9",
                "sha256:467124b1e01aeddff8b6d0aa7a56e51eef943ebb28d3e46dcbdd1e32b77384ec",
                "sha256:47886d7794b3fa3fb12e5722d96989ef920a9a9460de66f4868632c8e723a07d",
                "sha256:4cb5b7067cd3cfc191920b33428395080d51892435cd507542ae75f7a2ae0853",
                "sha256:584590ec4d9948a6f1ef8a1ce51761e1c9c00241054c12cbc0e8a43f0f5183c6",
                "sha256:5bebb73f80c47e3215547abb1ebf8e520ae5f7f24e5420ad270ad901f0725041",
                "sha256:5c0b5d913ae2e509e10991596caa3b09670e18aa6b55aab324e00884561f44d4",
                "sha256:5e574cb5ddb6dffbcae0db61ae1ebb7754191e6f42a822010b81e3599d1001df",
                "sha256:64f99988d0c641843079c410883f606023ae4055e8e6158427cd4dc1e23227ff",
                "sha256:659f240736ae923fd35acd8ea0e86dc4165e8aec8e72c191642ec546476c1130",
                "sha256:69ea90d97effbc27eeb2e20488c7c510f7d12813d929a8ca3fd0a7c9832564ab",
                "sha256:71364d2136b0c31116684af47c63ba8bd2ca6da9320a4fadb69a0f57606bbdf7",
                "sha256:72fdc8dd3bb5e0d34b8594a851b0cad299b31eef40a50a180b3260494d86b09e",
                "sha256:7987b2a3f013254a1845bceb4597087da4070f7887c0084024649486321ae213",
                "sha256:7f0bfad2a4ebb37944bb1ed883f0fbdb733d98141fdf4902fee0f75b0160a6c0",
                "sha256:81de7b020255e40aafd28387f7642b3b6ea844e9cb42845a045a05411c7a055a",
                "sha256:8625e193766192d4cfdc543548dc6cacf92ac09c86e2fcc7e48342f4909a9668",
                "sha256:98b2f01ec21764f233293eaae2ee637884ec009e6db608c46a446433c60d5e31",
                "sha256:9c642da4035b6c33618bca73f01627fce94e07c1e741b46798dddddaa88cf376",
                "sha256:9e10640542c41852d135172c87ced5e2664bbf12d5396a6f761ec8e62bc11ea6",
                "sha256:a075da0c7d5b269f720691f0d743013540eea35bf22419e23bd32b343d4dda27",
                "sha256:a2d86c87a997de23001c687c8b3bff265b0f9edb1403657f5bb895d2525f0e78",
                "sha256:afd27cf82c922a2add4b940a7900a9e74a2b66556446c39abfe2d854cfcf59d1",
                "sha256:b008ccdfbb73fde912ed1dd605e27a122a81e0c472c338fa3b3fa24996e5379f",
                "sha256:b46b73ce68c9a98c36584348a31263f6deef84d8138cac872439b383cc17293e",
                "sha256:b496a5d337508847737836ada6d930b404d921a119132cd1d14df47a4b488db7",
                "sha256:ba78467db9e4693a384644b221deecf5f0243d150540d65fcb33534103486490",
                "sha256:bb8a2919e958e07fd82e6d6f273374030f5232b09e2924c6d3f50e773bfa0a80",
                "sha256:bf7973ba66d659728fadf7168f8d6a3560bef4333a504abfbc8cdb9ea51afd98",
                "sha256:c64ede6b8e567eec0d14d12ea67114af855b4c380881d848becfb91cb01c844d",
                "sha256:cd96ff70cb9ba186129597e521a7afcaa2bbb285273ffa5417edfcc43d58a566",
                "sha256:d0a6d8b4fa17161c5b5941a49a9dab9b8569a3e6c28b2e28eaad3265fd8d7430",
                "sha256:d7d1c11f8c68ab537023f487585b1a4f447c5c03603feb2c5f76e77914c388ac",
                "sha256:e4d17d0c9bbbe15654a44b0369e5f1ee95f36935b71d54d4bdf70bedcc1b256e",
                "sha256:e7d3883c697103c8c39d808976a00b85d68f869b97bae6d48b7b03811dfbb925",
                "sha256:eb039878156f6b521f383a42b53e615521af430f0ae55e12d825b1368e1eaa47",
                "sha256:eb2fb87f2cd72765fa281acc2fb10e0bacb5f5e7c3336bb267b917b5bffc30fc",
                "sha256:f9acabd04d16c5586753a9d6ce03c6f57b47f094fe3ef3b34185656181ed8685",
                "sha256:fa831a9a4fb286fe90bcba7c8a663923a47c14a318bdd30a6b96707f9a3f7496",
                "sha256:fafa076bad795c45d7f055f859b762c4a72abd872ecd9710e1d3c1202a9123ad",
                "sha256:fe9b2291b01ff13e14a2720e436cf807b28d7a9d33d27861e7f26ced001bceec"
            ],
            "index": "pypi",
            "markers": "python_version >= '3.8'",
            "version": "==1.7.2"
        },
        "numpy": {
            "hashes": [
                "sha256:046356b19d7ad1890c751b99acad5e82dc4a02232013bd9a9a712fddf8eb60f5",
                "sha256:0b8cc2715a84b7c3b161f9ebbd942740aaed913584cae9cdc7f8ad5ad41943d0",
                "sha256:0d07841fd284718feffe7dd17a63a2e6c78679b2d386d3e82f44f0108c905550",
                "sha256:13cc11c00000848702322af4de0147ced365c81d66053a67c2e962a485b3717c",
                "sha256:13ce49a34c44b6de5241f0b38b07e44c1b2dcacd9e36c30f9c2fcb1bb5135db7",
                "sha256:24c2ad697bd8593887b019817ddd9974a7f429c14a5469d7fad413f28340a6d2",
                "sha256:251105b7c42abe40e3a689881e1793370cc9724ad50d64b30b358bbb3a97553b",
                "sha256:2ca4b53e1e0b279142113b8c5eb7d7a877e967c306edc34f3b58e9be12fda8df",
                "sha256:3269c9eb8745e8d975980b3a7411a98976824e1fdef11f0aacf76147f662b15f",
                "sha256:397bc5ce62d3fb73f304bec332171535c187e0643e176a6e9421a6e3eacef06d",
                "sha256:3fc5eabfc720db95d68e6646e88f8b399bfedd235994016351b1d9e062c4b270",
                "sha256:50a95ca3560a6058d6ea91d4629a83a897ee27c00630aed9d933dff191f170cd",
                "sha256:52ac2e48f5ad847cd43c4755520a2317f3380213493b9d8a4c5e37f3b87df504",
                "sha256:53e27293b3a2b661c03f79aa51c3987492bd4641ef933e366e0f9f6c9bf257ec",
                "sha256:57eb525e7c2a8fdee02d731f647146ff54ea8c973364f3b850069ffb42799647",
                "sha256:5889dd24f03ca5a5b1e8a90a33b5a0846d8977565e4ae003a63d22ecddf6782f",
                "sha256:59ca673ad11d4b84ceb385290ed0ebe60266e356641428c845b39cd9df6713ab",
                "sha256:6435c48250c12f001920f0751fe50c0348f5f240852cfddc5e2f97e007544cbe",
                "sha256:6e5a9cb2be39350ae6c8f79410744e80154df658d5bea06e06e0ac5bb75480d5",
                "sha256:7be6a07520b88214ea85d8ac8b7d6d8a1839b0b5cb87412ac9f49fa934eb15d5",
                "sha256:7c803b7934a7f59563db459292e6aa078bb38b7ab1446ca38dd138646a38203e",
                "sha256:7dd86dfaf7c900c0bbdcb8b16e2f6ddf1eb1fe39c6c8cca6e94844ed3152a8fd",
                "sha256:8661c94e3aad18e1ea17a11f60f843a4933ccaf1a25a7c6a9182af70610b2313",
                "sha256:8ae0fd135e0b157365ac7cc31fff27f07a5572bdfc38f9c2d43b2aff416cc8b0",
                "sha256:910b47a6d0635ec1bd53b88f86120a52bf56dcc27b51f18c7b4a2e2224c29f0f",
                "sha256:913cc1d311060b1d409e609947fa1b9753701dac96e6581b58afc36b7ee35af6",
                "sha256:920b0911bb2e4414c50e55bd658baeb78281a47feeb064ab40c2b66ecba85553",
                "sha256:950802d17a33c07cba7fd7c3dcfa7d64705509206be1606f196d179e539111ed",
                "sha256:981707f6b31b59c0c24bcda52e5605f9701cb46da4b86c2e8023656ad3e833cb",
                "sha256:98ce7fb5b8063cfdd86596b9c762bf2b5e35a2cdd7e967494ab78a1fa7f8b86e",
                "sha256:99f4a9ee60eed1385a86e82288971a51e71df052ed0b2900ed30bc840c0f2e39",
                "sha256:9a8e06c7a980869ea67bbf551283bbed2856915f0a792dc32dd0f9dd2fb56728",
                "sha256:ae8ce252404cdd4de56dcfce8b11eac3c594a9c16c231d081fb705cf23bd4d9e",
                "sha256:afd9c680df4de71cd58582b51e88a61feed4abcc7530bcd3d48483f20fc76f2a",
                "sha256:b49742cdb85f1f81e4dc1b39dcf328244f4d8d1ded95dea725b316bd2cf18c95",
                "sha256:b5613cfeb1adfe791e8e681128f5f49f22f3fcaa942255a6124d58ca59d9528f",
                "sha256:bab7c09454460a487e631ffc0c42057e3d8f2a9ddccd1e60c7bb8ed774992480",
                "sha256:c8a0e34993b510fc19b9a2ce7f31cb8e94ecf6e924a40c0c9dd4f62d0aac47d9",
                "sha256:caf5d284ddea7462c32b8d4a6b8af030b6c9fd5332afb70e7414d7fdded4bfd0",
                "sha256:cea427d1350f3fd0d2818ce7350095c1a2ee33e30961d2f0fef48576ddbbe90f",
                "sha256:d0cf7d55b1051387807405b3898efafa862997b4cba8aa5dbe657be794afeafd",
                "sha256:d10c39947a2d351d6d466b4ae83dad4c37cd6c3cdd6d5d0fa797da56f710a6ae",
                "sha256:d2b9cd92c8f8e7b313b80e93cedc12c0112088541dcedd9197b5dee3738c1201",
                "sha256:d4c57b68c8ef5e1ebf47238e99bf27657511ec3f071c465f6b1bccbef12d4136",
                "sha256:d51fc141ddbe3f919e91a096ec739f49d686df8af254b2053ba21a910ae518bf",
                "sha256:e097507396c0be4e547ff15b13dc3866f45f3680f789c1a1301b07dadd3fbc78",
                "sha256:e30356d530528a42eeba51420ae8bf6c6c09559051887196599d96ee5f536468",
                "sha256:e8d5f8a8e3bc87334f025194c6193e408903d21ebaeb10952264943a985066ca",
                "sha256:e8dfa9e94fc127c40979c3eacbae1e61fda4fe71d84869cc129e2721973231ef",
                "sha256:f212d4f46b67ff604d11fff7cc62d36b3e8714edf68e44e9760e19be38c03eb0",
                "sha256:f7506387e191fe8cdb267f912469a3cccc538ab108471291636a96a54e599556",
                "sha256:fac6e277a41163d27dfab5f4ec1f7a83fac94e170665a4a50191b545721c6521",
                "sha256:fcd8f556cdc8cfe35e70efb92463082b7f43dd7e547eb071ffc36abc0ca4699b"
            ],
            "markers": "python_version >= '3.10'",
            "version": "==2.1.1"
        },
        "ply": {
            "hashes": [
                "sha256:00c7c1aaa88358b9c765b6d3000c6eec0ba42abca5351b095321aef446081da3",
                "sha256:096f9b8350b65ebd2fd1346b12452efe5b9607f7482813ffca50c22722a807ce"
            ],
            "version": "==3.11"
        },
        "psutil": {
            "hashes": [
                "sha256:02b69001f44cc73c1c5279d02b30a817e339ceb258ad75997325e0e6169d8b35",
                "sha256:1287c2b95f1c0a364d23bc6f2ea2365a8d4d9b726a3be7294296ff7ba97c17f0",
                "sha256:1e7c870afcb7d91fdea2b37c24aeb08f98b6d67257a5cb0a8bc3ac68d0f1a68c",
                "sha256:21f1fb635deccd510f69f485b87433460a603919b45e2a324ad65b0cc74f8fb1",
                "sha256:33ea5e1c975250a720b3a6609c490db40dae5d83a4eb315170c4fe0d8b1f34b3",
                "sha256:34859b8d8f423b86e4385ff3665d3f4d94be3cdf48221fbe476e883514fdb71c",
                "sha256:5fd9a97c8e94059b0ef54a7d4baf13b405011176c3b6ff257c247cae0d560ecd",
                "sha256:6ec7588fb3ddaec7344a825afe298db83fe01bfaaab39155fa84cf1c0d6b13c3",
                "sha256:6ed2440ada7ef7d0d608f20ad89a04ec47d2d3ab7190896cd62ca5fc4fe08bf0",
                "sha256:8faae4f310b6d969fa26ca0545338b21f73c6b15db7c4a8d934a5482faa818f2",
                "sha256:a021da3e881cd935e64a3d0a20983bda0bb4cf80e4f74fa9bfcb1bc5785360c6",
                "sha256:a495580d6bae27291324fe60cea0b5a7c23fa36a7cd35035a16d93bdcf076b9d",
                "sha256:a9a3dbfb4de4f18174528d87cc352d1f788b7496991cca33c6996f40c9e3c92c",
                "sha256:c588a7e9b1173b6e866756dde596fd4cad94f9399daf99ad8c3258b3cb2b47a0",
                "sha256:e2e8d0054fc88153ca0544f5c4d554d42e33df2e009c4ff42284ac9ebdef4132",
                "sha256:fc8c9510cde0146432bbdb433322861ee8c3efbf8589865c8bf8d21cb30c4d14",
                "sha256:ffe7fc9b6b36beadc8c322f84e1caff51e8703b88eee1da46d1e3a6ae11b4fd0"
            ],
            "index": "pypi",
            "markers": "python_version >= '2.7' and python_version not in '3.0, 3.1, 3.2, 3.3, 3.4, 3.5'",
            "version": "==6.0.0"
        },
        "pyomo": {
            "hashes": [
                "sha256:1db5d704c28fd566fe30d64b3025d6652143e7143c34782ba4cc72c8ea258072",
                "sha256:2c9175cd7159cc6bcf592a8497a1068a0d4105df5d2ce20e7a3b80b74b1c1baa",
                "sha256:36157938dfd7ac14249ad05cebcf1ab7f28a1d44a3d07d51be4679941301c143",
                "sha256:3a886845c013eddcaff0d71fb258deccd0713e3a2f12ce0ed3f043111e572701",
                "sha256:449a4100bac87425c41ef3835d8e3378489f9a11914945f299efef405a913da0",
                "sha256:4afa3ebb4a84b7dff0fcd79a635da9f0a08cd05c2e901962388002026a8e941f",
                "sha256:606323626f3fb25a9e01b9770696011149ab191514083c9251dfaf6fb81c7c73",
                "sha256:72ce933ead5c8ccc44ab5a311e07b006dfff6744a2b4bbfa3c3f959d7d7a41fe",
                "sha256:80b24ea789b7b7e8f41565a78212b75665eb6eea5e39142ec2134c5f4843db83",
                "sha256:85c3d44e13c6547692c71bbf8fe3d1a7b5ee4e439737a161f2ad4fe47980b03c",
                "sha256:8ee3fb49ff18e72cae6f19c0f38166854ad7a50a1103c5de805b5e4368adf5a0",
                "sha256:9d0bcd98d34859ca9aad31236edae2bdb6be35ee68498fa0f74b4f9057902ecc",
                "sha256:a204a78d8ed5fa7ad8fa94d3c8ed4f6da38b5c02a68b8fe446bc694f16c8d1ea",
                "sha256:a6c47f9fe79517d6abbb4e3fea1044e29fa86de6a7e9db25fafa9bd27a75ad6d",
                "sha256:b11bb2418bc939594aa53c6409e9f3cb056fef2d1cd97b4c3cb6dbf1440da234",
                "sha256:b4115fc42b3b4cbbfc32c9ae5c14f3bc1691a6e79f50e60829866abc132d4255",
                "sha256:c390cb7fdee18a6916f44b4c86409ddfb6fc6488fae00c0566d5cfb854f0ba85",
                "sha256:cd112afdd63b877a92d94abe8e1d914ab67c58af1cf19e5b0d7bb7c587910a17",
                "sha256:d63405b124613735c94b93be8b5e060cdfcf5e3e7d03a825c033d3d8a2a1a3dd",
                "sha256:e437724cf8dae2777a6f815512efa70e055966942834eefcd28a6bbbdb5150c0",
                "sha256:ee17e68c219efcdd0b22adeb8fca8bcd746ffb25e280d850970748fe1bb7415f",
                "sha256:ee5cf281fe0e45d6952de86c18800670f7fab5e544d21ca1ade6fad57577097a",
                "sha256:f0e5e371cf850a3b0fdf83a4f6b8ae565927e19c349b9bce924be13f2a4612d7",
                "sha256:f6c9f026f97ae91bd765267d5ac92b0572b7d27ddb25eb7fd7460185a6df47cb",
                "sha256:f8fdf2e35cabb3e2e54da49da03ffd6c462e44493b38e1e891db482d1f76bcd0",
                "sha256:fbfe758ca9a43814087b29ae6c7b4e27d71decd4702e254c0cf2b248ad65ba73",
                "sha256:ff6b17bc885b463874a46122d07d206655963b0f634659014d5f1c904c88ef15"
            ],
            "index": "pypi",
            "markers": "python_version >= '3.8'",
            "version": "==6.8.0"
        }
    },
    "develop": {}
}
