{
    "_meta": {
        "hash": {
            "sha256": "5160cf3d496f760762061ee2f43fbf060554b59daf5b68e9fc2dd6fe98da8d1f"
        },
        "pipfile-spec": 6,
        "requires": {
            "python_version": "3.12"
        },
        "sources": [
            {
                "name": "pypi",
                "url": "https://pypi.org/simple",
                "verify_ssl": true
            }
        ]
    },
    "default": {
        "absl-py": {
            "hashes": [
                "sha256:526a04eadab8b4ee719ce68f204172ead1027549089702d99b9059f129ff1308",
                "sha256:7820790efbb316739cde8b4e19357243fc3608a152024288513dd968d7d959ff"
            ],
            "markers": "python_version >= '3.7'",
            "version": "==2.1.0"
        },
        "gurobipy": {
            "hashes": [
                "sha256:05700979469511aedfcb4d0136c161077d085393b6a449c98e9ff7818747279c",
                "sha256:138b4be8fb42d494b8484bd4cfa99ea1e511e8860cdb1171349f4fce06d9aa01",
                "sha256:181e7c1b207ec1fae469735e00efbe9a57d6c398434624c1ca1cf68293ef2188",
                "sha256:1824a579ead6bf95a28043a12535a2ae3a142e45b0c77b337ef9e9c9fb53f68b",
                "sha256:1f33e7329b4e544d90357a93bc12d9b15bdd7d0b8944cd6ecc50901e9452767e",
                "sha256:2074a21e9e78b62a84e3b123a8d44566562667b3d0e6ae5543ccb45207d44de6",
                "sha256:4b72a3e03170c6299b5f5baf6b8f0b0e753625d13e6c481fc4d245ccb20a02ff",
                "sha256:623ea11104b50b574d7c73ae19e87131431cd4d33adcaf0d408a7e44cb73ed43",
                "sha256:74fa0d9bace48bc0f25426b5cd70addb02a13b5ea1645494cad073a32c9ec2c4",
                "sha256:84c58e164c90fc1de8bc0aac8ad25a82b4a9d3079b5064735822cecf552b1b26",
                "sha256:94930bd120a0f8e85d26cf5a178a5ca7a319a206d9d6a92739df321e6c9fcfbd",
                "sha256:9e57508f7d7a8ef154767894c693273d94bed771fa300677ae74892fde7dfc57",
                "sha256:af65aac3c342cf8d8f496183f9fa2f78b88ce90d8dface1324d2f32171eca4c1",
                "sha256:b752a8a4d898a3cc59b0670aa449dee8e2159d4f420f30033baf96f14a36516d",
                "sha256:d08a69a9884b2c7ab843c9967b44770c17c73ac5726db7a8794ae85d7c1fc446",
                "sha256:d300c206bcbabf2079019e2a69e370134cd393d49f4ea62cdece3a008e485d1d",
                "sha256:d8eed5ca4831d1f10b08cd701f75483b27810734750d414a5b3cb6e4ba4c17f3",
                "sha256:ec3a8da22c8e818095bbe86ed0b71f9f3712272afb994edc04dc3c82654c7542",
                "sha256:ec84cd537a9d1b392ffd09cb03e617c6cc69322f5e195c0c87328cf592482123",
                "sha256:fd56eb62f2babd467b36dababb5f715341c3f19e6fb6b0b08edf6ccbd4cf50d3"
            ],
            "index": "pypi",
            "version": "==11.0.3"
        },
        "highspy": {
            "hashes": [
                "sha256:04d6bffaefc89a703270ec966764e58dac82967cf3158a0518c4da240e51cd4e",
                "sha256:07360ac42db19eccecd96342e56990d19ad264d394ded992e49277da1a0fc4e5",
                "sha256:0dd6413720e140fe89f3ee7e2edc84deef740ea316a4be95b0bc32c3696af881",
                "sha256:0ec925632ae190bd0abbaa8d086599f3aae2fc6b1992e4b14aaf0920b4458972",
                "sha256:129fb0f4b99330644d31f24a50aaa93d085d31eba1a6f196dd82de806c1e1b9b",
                "sha256:13655ac3bec2b62af74ef7a14ee1ca758d0927b7481602ca6c91dea0ccdb9ca6",
                "sha256:13f2bc75620a4f78123b726e165b103f64f0e08c0d114cb539ec5893cc243bc3",
                "sha256:178cc98b61b4942b252fe380e6df284cfa910905582f801a507cf509163b02ea",
                "sha256:1d4e822969c1262b44bfd0043f2e8d2ea5c33e2cadc85465908c086a91f76b17",
                "sha256:258a4d9c0ebea00da898d64945e7377c5beb4205c71ee03d37a9b4f31ae76820",
                "sha256:2b3f6641ecd473ba309ec445f32b9cdc2a6375df10f6d945abd985e365e064fb",
                "sha256:31da76c2608a2e00566a6c65ae1bdf5649c6c5a5d529e4aea1af00cc1612d9a5",
                "sha256:36c59c2601234b6b06044b6c0f1895eb8b26d6a3d1825c9d22bc0438e2ff5c4f",
                "sha256:375e8877459ce10db4489a453d38cd0f25898656d64668c72f24b193f478684c",
                "sha256:3b13fdff6d6324694e185cf39d02e0a2a60e7d942ae2212101f14039514f2c8d",
                "sha256:3e85db58058ac8748770d283bb401d10dce40d68bdc7c3ffd8947855f9161921",
                "sha256:4219af68872d02d9e012f02ed7f762a9d04db670c2fd5ded64669203e87494ba",
                "sha256:43247c8015d5da05c86ac2641a419cdfd7e8a13d3c1264449651a30014ba36b5",
                "sha256:4350dce1ae03b1442e2a17db97b1175076abe1e1aaf94d0a7fa70a06477ce4c6",
                "sha256:4431817b898bb24da67775789e47abf26a36aa1c834b2e92bbd6117cf1a5c1c3",
                "sha256:456df4d4f40a15aeb89e5e94596eb7a327d74ab71cf9d2f2e7060afd2d0ebab3",
                "sha256:48008985aa3aef00ddddbaf1fc05520f47187788c073dd501938dbcd2de42e0b",
                "sha256:49bd948ab725d4a8bf35eab4288adca566efb8b37b7916101f6ec93e29a66ec9",
                "sha256:4e6f68477e5d05997bc1601eec2dff8c332a3c0edec609cb07b077f789519eb5",
                "sha256:4e7cf45356e43dd1b954427570ee80c7c35a0db478e1d7dfe6ea198b103dbb8d",
                "sha256:68b3916f12e8afd17feb5cf2a1ad7ad84c36ac347d9d6b2c5854f2c2444ec351",
                "sha256:71594d055243f33292add38a023f90ff625eb9c72fc606676dbebe52ce6c69d5",
                "sha256:76b14418cea03aee71f42c03f885c5b00040f673b793818104b13edbc306a723",
                "sha256:821fa24dd7d818161f1aba84f56b080a348c513e556b92517ef335abbeb1846d",
                "sha256:835d100129bdb2ab57cc3e2cfdc71e823fd8ee9c528a2d2906a546e30251da20",
                "sha256:98b8f2dbd1654eb19b81e43a24eb179c0198e4dd5eefaec469efb765e9ddcca3",
                "sha256:9fd6707ca74cab1ad5cdb24facf2b2ff304d7b5991f19c5e6ae9f48a015ba946",
                "sha256:a6edf8547606aa81a8565d879219d333625105c7873b0106dc2bc2b760985396",
                "sha256:ad1ae0a52ed8093632618afeefc6699026e9dc2c37fdcaeadb6dd0cc6c278595",
                "sha256:c47f29a612c156269767fdadf2f69d5509be9fdcaaf2be9a9f5c8dbd4f045574",
                "sha256:c7316a5ff599e0580b9712c3ccf320caf5d51134c196866bb7e9eb22b10d45cd",
                "sha256:c9105fdb13c62a5a47f3722eb2adffdaa4937f9ee6c3f404e8c390789a4e7e8d",
                "sha256:ce71d606b69f9bc43fb90b7ed4ba6cacfdbafcf92cfba7ab3c43fcb330147809",
                "sha256:ceb62b6a1091273802dc7932d8e17253542bdd79d68bcd8b5c84d8492ef188b1",
                "sha256:d125e4cfefe0b3a22132ea23e7a946e8452ecf26ec42404719ce0ca357f1e143",
                "sha256:d18896ea224a506f4bc241e1e9c3789a70bffe48cf7f16c0870e686f0f6a31ff",
                "sha256:d447d0d4a08a22f92a97f36ff4c33455d615f61509605ddd7fb417a443508351",
                "sha256:d76a072c1e7a052e7fdce1347c49f36c3448a13c77455a05b24196ae1a24f140",
                "sha256:daf06d142ce2fb24923d4b5787436b1f9cae0481539224be6ba14afc304d30d1",
                "sha256:dcb681179cab400c5de78a1264c7189c8419df06063788336b58745bd6a6d097",
                "sha256:dfe3df2aa803277907a26596c80954700f1cbf2fcbc0dcea77b5107c75100654",
                "sha256:e37892880b57f95dfc68c428728c7f34496b1a3b0106c63895d8e40477fca860",
                "sha256:e8159749966ebdb82cfd5d1b7f0b129159079d2c537577bcf4fca8d4433cf0f6",
                "sha256:f4b922bb2b7b33e444384a0ef02fd09ef9f3869f5452d0268a7911ff78d10b0d",
                "sha256:ffe850612c3d8ce71db85fe7f87bcb84f9680a3226c9e17fe9a8fd6854108fbe"
            ],
            "index": "pypi",
            "markers": "python_version >= '3.8'",
            "version": "==1.8.0"
        },
        "immutabledict": {
            "hashes": [
                "sha256:d728b2c2410d698d95e6200237feb50a695584d20289ad3379a439aa3d90baba",
                "sha256:e003fd81aad2377a5a758bf7e1086cf3b70b63e9a5cc2f46bce8d0a2b4727c5f"
            ],
            "markers": "python_version >= '3.8' and python_version < '4.0'",
            "version": "==4.2.0"
        },
        "memory-profiler": {
            "hashes": [
                "sha256:400348e61031e3942ad4d4109d18753b2fb08c2f6fb8290671c5513a34182d84",
                "sha256:4e5b73d7864a1d1292fb76a03e82a3e78ef934d06828a698d9dada76da2067b0"
            ],
            "index": "pypi",
            "markers": "python_version >= '3.5'",
            "version": "==0.61.0"
        },
        "numpy": {
            "hashes": [
                "sha256:05b2d4e667895cc55e3ff2b56077e4c8a5604361fc21a042845ea3ad67465aa8",
                "sha256:12edb90831ff481f7ef5f6bc6431a9d74dc0e5ff401559a71e5e4611d4f2d466",
                "sha256:13311c2db4c5f7609b462bc0f43d3c465424d25c626d95040f073e30f7570e35",
                "sha256:13532a088217fa624c99b843eeb54640de23b3414b14aa66d023805eb731066c",
                "sha256:13602b3174432a35b16c4cfb5de9a12d229727c3dd47a6ce35111f2ebdf66ff4",
                "sha256:1600068c262af1ca9580a527d43dc9d959b0b1d8e56f8a05d830eea39b7c8af6",
                "sha256:1b8cde4f11f0a975d1fd59373b32e2f5a562ade7cde4f85b7137f3de8fbb29a0",
                "sha256:1c193d0b0238638e6fc5f10f1b074a6993cb13b0b431f64079a509d63d3aa8b7",
                "sha256:1ebec5fd716c5a5b3d8dfcc439be82a8407b7b24b230d0ad28a81b61c2f4659a",
                "sha256:242b39d00e4944431a3cd2db2f5377e15b5785920421993770cddb89992c3f3a",
                "sha256:259ec80d54999cc34cd1eb8ded513cb053c3bf4829152a2e00de2371bd406f5e",
                "sha256:2abbf905a0b568706391ec6fa15161fad0fb5d8b68d73c461b3c1bab6064dd62",
                "sha256:2cbba4b30bf31ddbe97f1c7205ef976909a93a66bb1583e983adbd155ba72ac2",
                "sha256:2ffef621c14ebb0188a8633348504a35c13680d6da93ab5cb86f4e54b7e922b5",
                "sha256:30d53720b726ec36a7f88dc873f0eec8447fbc93d93a8f079dfac2629598d6ee",
                "sha256:32e16a03138cabe0cb28e1007ee82264296ac0983714094380b408097a418cfe",
                "sha256:43cca367bf94a14aca50b89e9bc2061683116cfe864e56740e083392f533ce7a",
                "sha256:456e3b11cb79ac9946c822a56346ec80275eaf2950314b249b512896c0d2505e",
                "sha256:4d6ec0d4222e8ffdab1744da2560f07856421b367928026fb540e1945f2eeeaf",
                "sha256:5006b13a06e0b38d561fab5ccc37581f23c9511879be7693bd33c7cd15ca227c",
                "sha256:675c741d4739af2dc20cd6c6a5c4b7355c728167845e3c6b0e824e4e5d36a6c3",
                "sha256:6cdb606a7478f9ad91c6283e238544451e3a95f30fb5467fbf715964341a8a86",
                "sha256:6d95f286b8244b3649b477ac066c6906fbb2905f8ac19b170e2175d3d799f4df",
                "sha256:76322dcdb16fccf2ac56f99048af32259dcc488d9b7e25b51e5eca5147a3fb98",
                "sha256:7c1c60328bd964b53f8b835df69ae8198659e2b9302ff9ebb7de4e5a5994db3d",
                "sha256:860ec6e63e2c5c2ee5e9121808145c7bf86c96cca9ad396c0bd3e0f2798ccbe2",
                "sha256:8e00ea6fc82e8a804433d3e9cedaa1051a1422cb6e443011590c14d2dea59146",
                "sha256:9c6c754df29ce6a89ed23afb25550d1c2d5fdb9901d9c67a16e0b16eaf7e2550",
                "sha256:a26ae94658d3ba3781d5e103ac07a876b3e9b29db53f68ed7df432fd033358a8",
                "sha256:a65acfdb9c6ebb8368490dbafe83c03c7e277b37e6857f0caeadbbc56e12f4fb",
                "sha256:a7d80b2e904faa63068ead63107189164ca443b42dd1930299e0d1cb041cec2e",
                "sha256:a84498e0d0a1174f2b3ed769b67b656aa5460c92c9554039e11f20a05650f00d",
                "sha256:ab4754d432e3ac42d33a269c8567413bdb541689b02d93788af4131018cbf366",
                "sha256:ad369ed238b1959dfbade9018a740fb9392c5ac4f9b5173f420bd4f37ba1f7a0",
                "sha256:b1d0fcae4f0949f215d4632be684a539859b295e2d0cb14f78ec231915d644db",
                "sha256:b42a1a511c81cc78cbc4539675713bbcf9d9c3913386243ceff0e9429ca892fe",
                "sha256:bd33f82e95ba7ad632bc57837ee99dba3d7e006536200c4e9124089e1bf42426",
                "sha256:bdd407c40483463898b84490770199d5714dcc9dd9b792f6c6caccc523c00952",
                "sha256:c6eef7a2dbd0abfb0d9eaf78b73017dbfd0b54051102ff4e6a7b2980d5ac1a03",
                "sha256:c82af4b2ddd2ee72d1fc0c6695048d457e00b3582ccde72d8a1c991b808bb20f",
                "sha256:d666cb72687559689e9906197e3bec7b736764df6a2e58ee265e360663e9baf7",
                "sha256:d7bf0a4f9f15b32b5ba53147369e94296f5fffb783db5aacc1be15b4bf72f43b",
                "sha256:d82075752f40c0ddf57e6e02673a17f6cb0f8eb3f587f63ca1eaab5594da5b17",
                "sha256:da65fb46d4cbb75cb417cddf6ba5e7582eb7bb0b47db4b99c9fe5787ce5d91f5",
                "sha256:e2b49c3c0804e8ecb05d59af8386ec2f74877f7ca8fd9c1e00be2672e4d399b1",
                "sha256:e585c8ae871fd38ac50598f4763d73ec5497b0de9a0ab4ef5b69f01c6a046142",
                "sha256:e8d3ca0a72dd8846eb6f7dfe8f19088060fcb76931ed592d29128e0219652884",
                "sha256:ef444c57d664d35cac4e18c298c47d7b504c66b17c2ea91312e979fcfbdfb08a",
                "sha256:f1eb068ead09f4994dec71c24b2844f1e4e4e013b9629f812f292f04bd1510d9",
                "sha256:f2ded8d9b6f68cc26f8425eda5d3877b47343e68ca23d0d0846f4d312ecaa445",
                "sha256:f751ed0a2f250541e19dfca9f1eafa31a392c71c832b6bb9e113b10d050cb0f1",
                "sha256:faa88bc527d0f097abdc2c663cddf37c05a1c2f113716601555249805cf573f1",
                "sha256:fc44e3c68ff00fd991b59092a54350e6e4911152682b4782f68070985aa9e648"
            ],
            "markers": "python_version >= '3.10'",
            "version": "==2.1.2"
        },
        "ortools": {
            "hashes": [
                "sha256:03ecd32e5d760d48e59832ef6bf724f8cac95e4e40db72a7fb912abf7adcf931",
                "sha256:079bea08c6341dcfe3fb9586eb6edec6ae80f4ed16ed366fd7a46ef4b5709009",
                "sha256:0f902caa1576d737714f6a4fa165db62469bce82115e250409607197b3b6b434",
                "sha256:127f20f03ce04c28f979eac635d1cacdc01597c9e035a1981070506294d7db9c",
                "sha256:1f48e3d4053a169440608d881c1abd2a706db885d9b0af85bf45b444a1fec244",
                "sha256:219ffa56e8e4f52561586cea3dd55eb0f5d174a84c83a819d71debad766338e3",
                "sha256:250c62ba9e5fcaf18ada449bc0128c71bb0dbea83ddec5559cc506cff920235c",
                "sha256:2c242738a49279c3a58b4611a64dd24634f1638f4dbb435163e3f9308e7c84c9",
                "sha256:2fd0aa0b4edfb3088f086bc05d42a381cc3d03da4b8ad18ce18ba213ab2c719f",
                "sha256:6b9d4ae6c7e9efac7cbef8a6289e97e238c2f0a8ef587b3e56b71af14c2f04e6",
                "sha256:7f55124f9d1afa6434d0d6de07c6a4eb836f29b00b3413d27138634d5d79b606",
                "sha256:8d7d1a105f105502cf2f785816b09b796e5845fd47efac0dc0e3c0476b4c961a",
                "sha256:9c3693f0cb07ee0b5d36c4817bcfe05a745e3a613798a2ed62eb998d7fff979c",
                "sha256:9f250641d7b822be25237fb78aed0878b07e8afdefddb700bafcc52f32ad520a",
                "sha256:a2828e91960c4e4fcf27bc6e200e2cd61ce1c42d4a3b95481a842a58c8315345",
                "sha256:a503291dc12dc44da48567c5e1f79c77cd054fb86176f2c99d2860bc5a57e03d",
                "sha256:a56c5844ff927ce3c5428159cdd01b7fdbe243e8062bf1dfdb2e0eb305a55a30",
                "sha256:afcca4919e1095a79af0375276c5377a2d75794ebd592c4cc841d9979e0526e7",
                "sha256:bc1b6e4cc0a121ef888481a99194765e6df72d4d3da81f928543171a2bac8cbb",
                "sha256:bd2c0b319f4c0999360ab45a85d5764838c9dd0fd33437d12e32b2c07cbe04e4",
                "sha256:c6f3e2869396dc6d8ee2d11b65d6f88f6386bb3ad64212c0ad7a6d32ddcb48ca",
                "sha256:c7c15cefc7bc71aa2f70bee157aaa7e51ed8cb74c3edd499d15b6f5cd79cdf5b",
                "sha256:d5a17a37aeaa7d149e2fe8c8dfd5f09630ae28ad734a109ad55536605f8059df",
                "sha256:d9b858f0273e19f81555428d54d407428d0a70a8cb5df2c320935bb735f2c6bb",
                "sha256:db9186bbc7a30538f277e704e9e77ff52bc75aa2c17095a125b2dc212a75cf8e"
            ],
            "index": "pypi",
            "markers": "python_version >= '3.8'",
            "version": "==9.11.4210"
        },
        "pandas": {
            "hashes": [
                "sha256:062309c1b9ea12a50e8ce661145c6aab431b1e99530d3cd60640e255778bd43a",
                "sha256:15c0e1e02e93116177d29ff83e8b1619c93ddc9c49083f237d4312337a61165d",
                "sha256:1948ddde24197a0f7add2bdc4ca83bf2b1ef84a1bc8ccffd95eda17fd836ecb5",
                "sha256:1db71525a1538b30142094edb9adc10be3f3e176748cd7acc2240c2f2e5aa3a4",
                "sha256:22a9d949bfc9a502d320aa04e5d02feab689d61da4e7764b62c30b991c42c5f0",
                "sha256:29401dbfa9ad77319367d36940cd8a0b3a11aba16063e39632d98b0e931ddf32",
                "sha256:31d0ced62d4ea3e231a9f228366919a5ea0b07440d9d4dac345376fd8e1477ea",
                "sha256:3508d914817e153ad359d7e069d752cdd736a247c322d932eb89e6bc84217f28",
                "sha256:37e0aced3e8f539eccf2e099f65cdb9c8aa85109b0be6e93e2baff94264bdc6f",
                "sha256:381175499d3802cde0eabbaf6324cce0c4f5d52ca6f8c377c29ad442f50f6348",
                "sha256:38cf8125c40dae9d5acc10fa66af8ea6fdf760b2714ee482ca691fc66e6fcb18",
                "sha256:3b71f27954685ee685317063bf13c7709a7ba74fc996b84fc6821c59b0f06468",
                "sha256:3fc6873a41186404dad67245896a6e440baacc92f5b716ccd1bc9ed2995ab2c5",
                "sha256:4850ba03528b6dd51d6c5d273c46f183f39a9baf3f0143e566b89450965b105e",
                "sha256:4f18ba62b61d7e192368b84517265a99b4d7ee8912f8708660fb4a366cc82667",
                "sha256:56534ce0746a58afaf7942ba4863e0ef81c9c50d3f0ae93e9497d6a41a057645",
                "sha256:59ef3764d0fe818125a5097d2ae867ca3fa64df032331b7e0917cf5d7bf66b13",
                "sha256:5dbca4c1acd72e8eeef4753eeca07de9b1db4f398669d5994086f788a5d7cc30",
                "sha256:5de54125a92bb4d1c051c0659e6fcb75256bf799a732a87184e5ea503965bce3",
                "sha256:61c5ad4043f791b61dd4752191d9f07f0ae412515d59ba8f005832a532f8736d",
                "sha256:6374c452ff3ec675a8f46fd9ab25c4ad0ba590b71cf0656f8b6daa5202bca3fb",
                "sha256:63cc132e40a2e084cf01adf0775b15ac515ba905d7dcca47e9a251819c575ef3",
                "sha256:66108071e1b935240e74525006034333f98bcdb87ea116de573a6a0dccb6c039",
                "sha256:6dfcb5ee8d4d50c06a51c2fffa6cff6272098ad6540aed1a76d15fb9318194d8",
                "sha256:7c2875855b0ff77b2a64a0365e24455d9990730d6431b9e0ee18ad8acee13dbd",
                "sha256:7eee9e7cea6adf3e3d24e304ac6b8300646e2a5d1cd3a3c2abed9101b0846761",
                "sha256:800250ecdadb6d9c78eae4990da62743b857b470883fa27f652db8bdde7f6659",
                "sha256:86976a1c5b25ae3f8ccae3a5306e443569ee3c3faf444dfd0f41cda24667ad57",
                "sha256:8cd6d7cc958a3910f934ea8dbdf17b2364827bb4dafc38ce6eef6bb3d65ff09c",
                "sha256:99df71520d25fade9db7c1076ac94eb994f4d2673ef2aa2e86ee039b6746d20c",
                "sha256:a5a1595fe639f5988ba6a8e5bc9649af3baf26df3998a0abe56c02609392e0a4",
                "sha256:ad5b65698ab28ed8d7f18790a0dc58005c7629f227be9ecc1072aa74c0c1d43a",
                "sha256:b1d432e8d08679a40e2a6d8b2f9770a5c21793a6f9f47fdd52c5ce1948a5a8a9",
                "sha256:b8661b0238a69d7aafe156b7fa86c44b881387509653fdf857bebc5e4008ad42",
                "sha256:ba96630bc17c875161df3818780af30e43be9b166ce51c9a18c1feae342906c2",
                "sha256:bc6b93f9b966093cb0fd62ff1a7e4c09e6d546ad7c1de191767baffc57628f39",
                "sha256:c124333816c3a9b03fbeef3a9f230ba9a737e9e5bb4060aa2107a86cc0a497fc",
                "sha256:cd8d0c3be0515c12fed0bdbae072551c8b54b7192c7b1fda0ba56059a0179698",
                "sha256:d9c45366def9a3dd85a6454c0e7908f2b3b8e9c138f5dc38fed7ce720d8453ed",
                "sha256:f00d1345d84d8c86a63e476bb4955e46458b304b9575dcf71102b5c705320015",
                "sha256:f3a255b2c19987fbbe62a9dfd6cff7ff2aa9ccab3fc75218fd4b7530f01efa24",
                "sha256:fffb8ae78d8af97f849404f21411c95062db1496aeb3e56f146f0355c9989319"
            ],
            "markers": "python_version >= '3.9'",
            "version": "==2.2.3"
        },
        "protobuf": {
            "hashes": [
                "sha256:38aa5f535721d5bb99861166c445c4105c4e285c765fbb2ac10f116e32dcd46d",
                "sha256:3c388ea6ddfe735f8cf69e3f7dc7611e73107b60bdfcf5d0f024c3ccd3794e23",
                "sha256:7ee014c2c87582e101d6b54260af03b6596728505c79f17c8586e7523aaa8f8c",
                "sha256:8ca2a1d97c290ec7b16e4e5dff2e5ae150cc1582f55b5ab300d45cb0dfa90e51",
                "sha256:9b557c317ebe6836835ec4ef74ec3e994ad0894ea424314ad3552bc6e8835b4e",
                "sha256:b9ba3ca83c2e31219ffbeb9d76b63aad35a3eb1544170c55336993d7a18ae72c",
                "sha256:d693d2504ca96750d92d9de8a103102dd648fda04540495535f0fec7577ed8fc",
                "sha256:da612f2720c0183417194eeaa2523215c4fcc1a1949772dc65f05047e08d5932",
                "sha256:e6039957449cb918f331d32ffafa8eb9255769c96aa0560d9a5bf0b4e00a2a33",
                "sha256:f7417703f841167e5a27d48be13389d52ad705ec09eade63dfc3180a959215d7",
                "sha256:fbfe61e7ee8c1860855696e3ac6cfd1b01af5498facc6834fcc345c9684fb2ca"
            ],
            "markers": "python_version >= '3.8'",
            "version": "==5.26.1"
        },
        "psutil": {
            "hashes": [
                "sha256:000d1d1ebd634b4efb383f4034437384e44a6d455260aaee2eca1e9c1b55f047",
                "sha256:045f00a43c737f960d273a83973b2511430d61f283a44c96bf13a6e829ba8fdc",
                "sha256:0895b8414afafc526712c498bd9de2b063deaac4021a3b3c34566283464aff8e",
                "sha256:1209036fbd0421afde505a4879dee3b2fd7b1e14fee81c0069807adcbbcca747",
                "sha256:1ad45a1f5d0b608253b11508f80940985d1d0c8f6111b5cb637533a0e6ddc13e",
                "sha256:353815f59a7f64cdaca1c0307ee13558a0512f6db064e92fe833784f08539c7a",
                "sha256:498c6979f9c6637ebc3a73b3f87f9eb1ec24e1ce53a7c5173b8508981614a90b",
                "sha256:5cd2bcdc75b452ba2e10f0e8ecc0b57b827dd5d7aaffbc6821b2a9a242823a76",
                "sha256:6d3fbbc8d23fcdcb500d2c9f94e07b1342df8ed71b948a2649b5cb060a7c94ca",
                "sha256:6e2dcd475ce8b80522e51d923d10c7871e45f20918e027ab682f94f1c6351688",
                "sha256:9118f27452b70bb1d9ab3198c1f626c2499384935aaf55388211ad982611407e",
                "sha256:9dcbfce5d89f1d1f2546a2090f4fcf87c7f669d1d90aacb7d7582addece9fb38",
                "sha256:a8506f6119cff7015678e2bce904a4da21025cc70ad283a53b099e7620061d85",
                "sha256:a8fb3752b491d246034fa4d279ff076501588ce8cbcdbb62c32fd7a377d996be",
                "sha256:c0e0c00aa18ca2d3b2b991643b799a15fc8f0563d2ebb6040f64ce8dc027b942",
                "sha256:d905186d647b16755a800e7263d43df08b790d709d575105d419f8b6ef65423a",
                "sha256:ff34df86226c0227c52f38b919213157588a678d049688eded74c76c8ba4a5d0"
            ],
            "markers": "python_version >= '2.7' and python_version not in '3.0, 3.1, 3.2, 3.3, 3.4, 3.5'",
            "version": "==6.1.0"
        },
        "pyscipopt": {
            "hashes": [
                "sha256:0335fae1e4f5005b248bedb390d9caef6a03e66c83df84505ab4e49b605de016",
                "sha256:11ca681893b7614d3f515e3ab691cc368c8590a4491410910f598114eac0e51a",
                "sha256:21078810ee17a809c0d3df10208c61e39c2d0e2a231478005d1c995b346fb0a7",
                "sha256:22b852aba93f31f4bb6322474dfdde4a3d1b206f3c346a6d249746ed48ba053e",
                "sha256:451e40f283aa95c31801d6b2a6e012ce54687fc96a1f2e0193ae6c9951fb0d9a",
                "sha256:6c4b41176bc9f56024201f9a64c4e1c5af7369fbf2445c2b1eaa6d72bcb09c31",
                "sha256:72d2a57ac1428bb3daba4df39d6558bb8f4a013c264203fc149b7a20704aa1fa",
                "sha256:7548b0d93b9348a6bb023fa9e78f46e21a94cf827d5576d2917cf0b6dd6784d4",
                "sha256:7a42f1112fd438da9e6960717725bdd1142a8dcd1151a2891ee230253b516b32",
                "sha256:7c7ebf2124b8cf0d35cd3fc65c255a226661dd360dd8bb6c24df2bef110f579c",
                "sha256:92e29f21e37b442549cce797a16bf9b96cdbd9d10040d672a7fb0952781f594c",
                "sha256:980186ac1f4af16d81beea8951d13b026e6799df385e0a4e6f081a64449b5316",
                "sha256:99f9f7f1a207513fb04af9a16b41e28c74a5c47c1316dde67d2c33dd8c452a99",
                "sha256:9cf7d731c741c877612f9905e5a2bf4fd727c197d348b0eb076b4966f24c8ea9",
                "sha256:a00c8561026046eff46aab2abeb5c19431d53fd5a36139107418eaceba59f042",
                "sha256:a3aa6564e72f961695915dfd320f9a511d6293a3c5d4c11ef91f09d9d4e49848",
                "sha256:b9ea3a669654bd3a48b108b582bffdb7e5e64b633fd4c5d58037523f634c839d",
                "sha256:c2dd9e613cce0f8d9fe941da101c91bdb534386dd15c322d87434be0fb90b94b",
                "sha256:c992aea04cc4985a22d97c9f7c6dc2acaf558734504401737d5d12d561d6aa40",
                "sha256:ea694a5d0975c0dc97cb59b53bd94b5b9e6663e2b6e54e7ca6c89e2dfcae0ac4",
                "sha256:ed3dc6786b3753b94731c674f3f4d04f0ff4eddaa485cf068b5c5cf1d85e5b73"
            ],
            "index": "pypi",
            "markers": "python_version >= '3.8'",
            "version": "==5.1.1"
        },
        "python-dateutil": {
            "hashes": [
                "sha256:37dd54208da7e1cd875388217d5e00ebd4179249f90fb72437e91a35459a0ad3",
                "sha256:a8b2bc7bffae282281c8140a97d3aa9c14da0b136dfe83f850eea9a5f7470427"
            ],
            "markers": "python_version >= '2.7' and python_version not in '3.0, 3.1, 3.2'",
            "version": "==2.9.0.post0"
        },
        "pytz": {
            "hashes": [
                "sha256:2aa355083c50a0f93fa581709deac0c9ad65cca8a9e9beac660adcbd493c798a",
                "sha256:31c7c1817eb7fae7ca4b8c7ee50c72f93aa2dd863de768e1ef4245d426aa0725"
            ],
            "version": "==2024.2"
        },
        "setuptools": {
            "hashes": [
                "sha256:753bb6ebf1f465a1912e19ed1d41f403a79173a9acf66a42e7e6aec45c3c16ec",
                "sha256:a7fcb66f68b4d9e8e66b42f9876150a3371558f98fa32222ffaa5bced76406f8"
            ],
            "index": "pypi",
            "markers": "python_version >= '3.8'",
            "version": "==75.2.0"
        },
        "six": {
            "hashes": [
                "sha256:1e61c37477a1626458e36f7b1d82aa5c9b094fa4802892072e49de9c60c4c926",
                "sha256:8abb2f1d86890a2dfb989f9a77cfcfd3e47c2a354b01111771326f8aa26e0254"
            ],
            "markers": "python_version >= '2.7' and python_version not in '3.0, 3.1, 3.2'",
            "version": "==1.16.0"
        },
        "solverarena": {
            "editable": true,
            "file": "."
        },
        "tzdata": {
            "hashes": [
                "sha256:7d85cc416e9382e69095b7bdf4afd9e3880418a2413feec7069d533d6b4e31cc",
                "sha256:a48093786cdcde33cad18c2555e8532f34422074448fbc874186f0abd79565cd"
            ],
            "markers": "python_version >= '2'",
            "version": "==2024.2"
        }
    },
    "develop": {}
}
