# This file was autogenerated by uv via the following command:
#    uv pip compile pyproject.toml --extra dev --extra all_solvers -o requirements.lock
absl-py==2.2.2
    # via ortools
certifi==2025.1.31
    # via requests
charset-normalizer==3.4.1
    # via requests
colorama==0.4.6
    # via pytest
docutils==0.21.2
    # via readme-renderer
gurobipy==12.0.1
    # via solverarena (pyproject.toml)
highspy==1.10.0
    # via solverarena (pyproject.toml)
id==1.5.0
    # via twine
idna==3.10
    # via requests
immutabledict==4.2.1
    # via ortools
iniconfig==2.1.0
    # via pytest
jaraco-classes==3.4.0
    # via keyring
jaraco-context==6.0.1
    # via keyring
jaraco-functools==4.1.0
    # via keyring
keyring==25.6.0
    # via twine
markdown-it-py==3.0.0
    # via rich
mdurl==0.1.2
    # via markdown-it-py
memory-profiler==0.61.0
    # via solverarena (pyproject.toml)
more-itertools==10.6.0
    # via
    #   jaraco-classes
    #   jaraco-functools
nh3==0.2.21
    # via readme-renderer
numpy==2.2.4
    # via
    #   highspy
    #   ortools
    #   pandas
    #   pyscipopt
ortools==9.12.4544
    # via solverarena (pyproject.toml)
packaging==24.2
    # via
    #   pytest
    #   twine
pandas==2.2.3
    # via ortools
pluggy==1.5.0
    # via pytest
protobuf==5.29.4
    # via ortools
psutil==7.0.0
    # via memory-profiler
pygments==2.19.1
    # via
    #   readme-renderer
    #   rich
pyscipopt==5.4.1
    # via solverarena (pyproject.toml)
pytest==8.3.5
    # via solverarena (pyproject.toml)
python-dateutil==2.9.0.post0
    # via pandas
pytz==2025.2
    # via pandas
pywin32-ctypes==0.2.3
    # via keyring
readme-renderer==44.0
    # via twine
requests==2.32.3
    # via
    #   id
    #   requests-toolbelt
    #   twine
requests-toolbelt==1.0.0
    # via twine
rfc3986==2.0.0
    # via twine
rich==14.0.0
    # via twine
six==1.17.0
    # via python-dateutil
twine==6.1.0
    # via solverarena (pyproject.toml)
tzdata==2025.2
    # via pandas
urllib3==2.4.0
    # via
    #   requests
    #   twine
